
Microsoft Visual Studio Solution File, Format Version 12.00
# Visual Studio Version 16
VisualStudioVersion = 16.0.32228.343
MinimumVisualStudioVersion = 10.0.40219.1
Project("{FAE04EC0-301F-11D3-BF4B-00C04F79EFBC}") = "ImplicitExplicit", "ImplicitExplicit\ImplicitExplicit.csproj", "{D1817793-F835-4DEF-8548-2E0D896665B3}"
EndProject
Project("{FAE04EC0-301F-11D3-BF4B-00C04F79EFBC}") = "OperatorsOverloading", "OperatorsOverloading\OperatorsOverloading.csproj", "{6952FC03-E47D-4A0D-936C-20ECAA6BA427}"
EndProject
Global
	GlobalSection(SolutionConfigurationPlatforms) = preSolution
		Debug|Any CPU = Debug|Any CPU
		Release|Any CPU = Release|Any CPU
	EndGlobalSection
	GlobalSection(ProjectConfigurationPlatforms) = postSolution
		{D1817793-F835-4DEF-8548-2E0D896665B3}.Debug|Any CPU.ActiveCfg = Debug|Any CPU
		{D1817793-F835-4DEF-8548-2E0D896665B3}.Debug|Any CPU.Build.0 = Debug|Any CPU
		{D1817793-F835-4DEF-8548-2E0D896665B3}.Release|Any CPU.ActiveCfg = Release|Any CPU
		{D1817793-F835-4DEF-8548-2E0D896665B3}.Release|Any CPU.Build.0 = Release|Any CPU
		{6952FC03-E47D-4A0D-936C-20ECAA6BA427}.Debug|Any CPU.ActiveCfg = Debug|Any CPU
		{6952FC03-E47D-4A0D-936C-20ECAA6BA427}.Debug|Any CPU.Build.0 = Debug|Any CPU
		{6952FC03-E47D-4A0D-936C-20ECAA6BA427}.Release|Any CPU.ActiveCfg = Release|Any CPU
		{6952FC03-E47D-4A0D-936C-20ECAA6BA427}.Release|Any CPU.Build.0 = Release|Any CPU
	EndGlobalSection
	GlobalSection(SolutionProperties) = preSolution
		HideSolutionNode = FALSE
	EndGlobalSection
	GlobalSection(ExtensibilityGlobals) = postSolution
		SolutionGuid = {A5BBC5E5-6E99-4490-BE4E-E7CEA470D9F4}
	EndGlobalSection
EndGlobal
